
Microsoft Visual Studio Solution File, Format Version 12.00
# Visual Studio Version 17
VisualStudioVersion = 17.0.31912.275
MinimumVisualStudioVersion = 10.0.40219.1
Project("{9A19103F-16F7-4668-BE54-9A1E7A4F7556}") = "ITS_System", "ITS_System.csproj", "{E5500F01-E191-40A9-8908-876C431E1ABB}"
EndProject
Global
	GlobalSection(SolutionConfigurationPlatforms) = preSolution
		Debug|Any CPU = Debug|Any CPU
		Release|Any CPU = Release|Any CPU
	EndGlobalSection
	GlobalSection(ProjectConfigurationPlatforms) = postSolution
		{E5500F01-E191-40A9-8908-876C431E1ABB}.Debug|Any CPU.ActiveCfg = Debug|Any CPU
		{E5500F01-E191-40A9-8908-876C431E1ABB}.Debug|Any CPU.Build.0 = Debug|Any CPU
		{E5500F01-E191-40A9-8908-876C431E1ABB}.Release|Any CPU.ActiveCfg = Release|Any CPU
		{E5500F01-E191-40A9-8908-876C431E1ABB}.Release|Any CPU.Build.0 = Release|Any CPU
	EndGlobalSection
	GlobalSection(SolutionProperties) = preSolution
		HideSolutionNode = FALSE
	EndGlobalSection
	GlobalSection(ExtensibilityGlobals) = postSolution
		SolutionGuid = {46863FB9-1744-4F0A-8525-1F5E6E000020}
	EndGlobalSection
EndGlobal
